
Microsoft Visual Studio Solution File, Format Version 12.00
# Visual Studio Version 17
VisualStudioVersion = 17.0.32112.339
MinimumVisualStudioVersion = 10.0.40219.1
Project("{9A19103F-16F7-4668-BE54-9A1E7A4F7556}") = "GymBooking.Web", "GymBooking.Web\GymBooking.Web.csproj", "{01F2D960-16C5-44DE-AC19-74822CF53597}"
EndProject
Project("{9A19103F-16F7-4668-BE54-9A1E7A4F7556}") = "GymBooking.Tests", "GymBooking.Tests\GymBooking.Tests.csproj", "{0766FE3F-AA37-45B1-A029-1DE7874926B2}"
EndProject
Project("{9A19103F-16F7-4668-BE54-9A1E7A4F7556}") = "Events.API", "Events.API\Events.API.csproj", "{6792AC8B-9E24-42CD-90E8-E0A8CB26D602}"
EndProject
Project("{9A19103F-16F7-4668-BE54-9A1E7A4F7556}") = "Events.Core", "Events.Core\Events.Core.csproj", "{DB616801-A923-4D38-B4C7-27D5AF4E9C48}"
EndProject
Project("{9A19103F-16F7-4668-BE54-9A1E7A4F7556}") = "Events.Data", "Events.Data\Events.Data.csproj", "{9343AF9F-5316-44D1-83CA-93D0D26AC2AF}"
EndProject
Project("{9A19103F-16F7-4668-BE54-9A1E7A4F7556}") = "Events.Tests", "Events.Tests\Events.Tests.csproj", "{9C0AB569-ACCC-436B-A5A3-7B15A22E995C}"
EndProject
Global
	GlobalSection(SolutionConfigurationPlatforms) = preSolution
		Debug|Any CPU = Debug|Any CPU
		Release|Any CPU = Release|Any CPU
	EndGlobalSection
	GlobalSection(ProjectConfigurationPlatforms) = postSolution
		{01F2D960-16C5-44DE-AC19-74822CF53597}.Debug|Any CPU.ActiveCfg = Debug|Any CPU
		{01F2D960-16C5-44DE-AC19-74822CF53597}.Debug|Any CPU.Build.0 = Debug|Any CPU
		{01F2D960-16C5-44DE-AC19-74822CF53597}.Release|Any CPU.ActiveCfg = Release|Any CPU
		{01F2D960-16C5-44DE-AC19-74822CF53597}.Release|Any CPU.Build.0 = Release|Any CPU
		{0766FE3F-AA37-45B1-A029-1DE7874926B2}.Debug|Any CPU.ActiveCfg = Debug|Any CPU
		{0766FE3F-AA37-45B1-A029-1DE7874926B2}.Debug|Any CPU.Build.0 = Debug|Any CPU
		{0766FE3F-AA37-45B1-A029-1DE7874926B2}.Release|Any CPU.ActiveCfg = Release|Any CPU
		{0766FE3F-AA37-45B1-A029-1DE7874926B2}.Release|Any CPU.Build.0 = Release|Any CPU
		{6792AC8B-9E24-42CD-90E8-E0A8CB26D602}.Debug|Any CPU.ActiveCfg = Debug|Any CPU
		{6792AC8B-9E24-42CD-90E8-E0A8CB26D602}.Debug|Any CPU.Build.0 = Debug|Any CPU
		{6792AC8B-9E24-42CD-90E8-E0A8CB26D602}.Release|Any CPU.ActiveCfg = Release|Any CPU
		{6792AC8B-9E24-42CD-90E8-E0A8CB26D602}.Release|Any CPU.Build.0 = Release|Any CPU
		{DB616801-A923-4D38-B4C7-27D5AF4E9C48}.Debug|Any CPU.ActiveCfg = Debug|Any CPU
		{DB616801-A923-4D38-B4C7-27D5AF4E9C48}.Debug|Any CPU.Build.0 = Debug|Any CPU
		{DB616801-A923-4D38-B4C7-27D5AF4E9C48}.Release|Any CPU.ActiveCfg = Release|Any CPU
		{DB616801-A923-4D38-B4C7-27D5AF4E9C48}.Release|Any CPU.Build.0 = Release|Any CPU
		{9343AF9F-5316-44D1-83CA-93D0D26AC2AF}.Debug|Any CPU.ActiveCfg = Debug|Any CPU
		{9343AF9F-5316-44D1-83CA-93D0D26AC2AF}.Debug|Any CPU.Build.0 = Debug|Any CPU
		{9343AF9F-5316-44D1-83CA-93D0D26AC2AF}.Release|Any CPU.ActiveCfg = Release|Any CPU
		{9343AF9F-5316-44D1-83CA-93D0D26AC2AF}.Release|Any CPU.Build.0 = Release|Any CPU
		{9C0AB569-ACCC-436B-A5A3-7B15A22E995C}.Debug|Any CPU.ActiveCfg = Debug|Any CPU
		{9C0AB569-ACCC-436B-A5A3-7B15A22E995C}.Debug|Any CPU.Build.0 = Debug|Any CPU
		{9C0AB569-ACCC-436B-A5A3-7B15A22E995C}.Release|Any CPU.ActiveCfg = Release|Any CPU
		{9C0AB569-ACCC-436B-A5A3-7B15A22E995C}.Release|Any CPU.Build.0 = Release|Any CPU
	EndGlobalSection
	GlobalSection(SolutionProperties) = preSolution
		HideSolutionNode = FALSE
	EndGlobalSection
	GlobalSection(ExtensibilityGlobals) = postSolution
		SolutionGuid = {720FBD72-21B9-4293-A707-C46B2A941516}
	EndGlobalSection
EndGlobal
